{
  "name": "a428-cicd-labs",
  "lockfileVersion": 3,
  "requires": true,
  "packages": {
    "": {
      "dependencies": {
        "gallium": "^0.2.1"
      }
    },
    "node_modules/gallium": {
      "version": "0.2.1",
      "resolved": "https://registry.npmjs.org/gallium/-/gallium-0.2.1.tgz",
      "integrity": "sha512-7BfmvqVDWB+V5ntbR1wrbJWs0Qg3aNSWs5bFqMAleqwdXkMv3M7WWOi6BmLyuY7DPwH8WQayrbOgQPJhxeKAEw==",
      "license": "MIT"
    }
  }
}
